
Microsoft Visual Studio Solution File, Format Version 12.00
# Visual Studio 15
VisualStudioVersion = 15.0.27130.2010
MinimumVisualStudioVersion = 10.0.40219.1
Project("{FAE04EC0-301F-11D3-BF4B-00C04F79EFBC}") = "OnTime REST API Example ASP.NET", "OnTime REST API Example ASP.NET\OnTime REST API Example ASP.NET.csproj", "{855566EB-D147-4554-B488-D6927E10C0A1}"
EndProject
Global
	GlobalSection(SolutionConfigurationPlatforms) = preSolution
		Debug|Any CPU = Debug|Any CPU
		Release|Any CPU = Release|Any CPU
	EndGlobalSection
	GlobalSection(ProjectConfigurationPlatforms) = postSolution
		{855566EB-D147-4554-B488-D6927E10C0A1}.Debug|Any CPU.ActiveCfg = Debug|Any CPU
		{855566EB-D147-4554-B488-D6927E10C0A1}.Debug|Any CPU.Build.0 = Debug|Any CPU
		{855566EB-D147-4554-B488-D6927E10C0A1}.Release|Any CPU.ActiveCfg = Release|Any CPU
		{855566EB-D147-4554-B488-D6927E10C0A1}.Release|Any CPU.Build.0 = Release|Any CPU
	EndGlobalSection
	GlobalSection(SolutionProperties) = preSolution
		HideSolutionNode = FALSE
	EndGlobalSection
	GlobalSection(ExtensibilityGlobals) = postSolution
		SolutionGuid = {B178F9E3-C0C0-45F8-A27B-F6F1B3C7A8EB}
	EndGlobalSection
EndGlobal
